
Microsoft Visual Studio Solution File, Format Version 12.00
# Visual Studio Version 16
VisualStudioVersion = 16.0.29613.14
MinimumVisualStudioVersion = 10.0.40219.1
Project("{FAE04EC0-301F-11D3-BF4B-00C04F79EFBC}") = "APIGateway", "APIGateway\APIGateway.csproj", "{AF04E6FD-3BDA-48CB-88A5-BD6B1B181A47}"
EndProject
Project("{FAE04EC0-301F-11D3-BF4B-00C04F79EFBC}") = "PersonService", "PersonService\PersonService.csproj", "{01B8C231-33C1-4FC4-AF7B-214E2C5353A8}"
EndProject
Project("{FAE04EC0-301F-11D3-BF4B-00C04F79EFBC}") = "MannschaftService", "MannschaftService\MannschaftService.csproj", "{C9F477B9-98AA-4F27-BB37-6145F1F29A54}"
EndProject
Project("{FAE04EC0-301F-11D3-BF4B-00C04F79EFBC}") = "AuthService", "AuthService\AuthService.csproj", "{594FBB49-5F92-4659-BCBA-EC7CC1A64076}"
EndProject
Global
	GlobalSection(SolutionConfigurationPlatforms) = preSolution
		Debug|Any CPU = Debug|Any CPU
		Release|Any CPU = Release|Any CPU
	EndGlobalSection
	GlobalSection(ProjectConfigurationPlatforms) = postSolution
		{AF04E6FD-3BDA-48CB-88A5-BD6B1B181A47}.Debug|Any CPU.ActiveCfg = Debug|Any CPU
		{AF04E6FD-3BDA-48CB-88A5-BD6B1B181A47}.Debug|Any CPU.Build.0 = Debug|Any CPU
		{AF04E6FD-3BDA-48CB-88A5-BD6B1B181A47}.Release|Any CPU.ActiveCfg = Release|Any CPU
		{AF04E6FD-3BDA-48CB-88A5-BD6B1B181A47}.Release|Any CPU.Build.0 = Release|Any CPU
		{01B8C231-33C1-4FC4-AF7B-214E2C5353A8}.Debug|Any CPU.ActiveCfg = Debug|Any CPU
		{01B8C231-33C1-4FC4-AF7B-214E2C5353A8}.Debug|Any CPU.Build.0 = Debug|Any CPU
		{01B8C231-33C1-4FC4-AF7B-214E2C5353A8}.Release|Any CPU.ActiveCfg = Release|Any CPU
		{01B8C231-33C1-4FC4-AF7B-214E2C5353A8}.Release|Any CPU.Build.0 = Release|Any CPU
		{C9F477B9-98AA-4F27-BB37-6145F1F29A54}.Debug|Any CPU.ActiveCfg = Debug|Any CPU
		{C9F477B9-98AA-4F27-BB37-6145F1F29A54}.Debug|Any CPU.Build.0 = Debug|Any CPU
		{C9F477B9-98AA-4F27-BB37-6145F1F29A54}.Release|Any CPU.ActiveCfg = Release|Any CPU
		{C9F477B9-98AA-4F27-BB37-6145F1F29A54}.Release|Any CPU.Build.0 = Release|Any CPU
		{594FBB49-5F92-4659-BCBA-EC7CC1A64076}.Debug|Any CPU.ActiveCfg = Debug|Any CPU
		{594FBB49-5F92-4659-BCBA-EC7CC1A64076}.Debug|Any CPU.Build.0 = Debug|Any CPU
		{594FBB49-5F92-4659-BCBA-EC7CC1A64076}.Release|Any CPU.ActiveCfg = Release|Any CPU
		{594FBB49-5F92-4659-BCBA-EC7CC1A64076}.Release|Any CPU.Build.0 = Release|Any CPU
	EndGlobalSection
	GlobalSection(SolutionProperties) = preSolution
		HideSolutionNode = FALSE
	EndGlobalSection
	GlobalSection(ExtensibilityGlobals) = postSolution
		SolutionGuid = {92B4FAF9-71EE-4A20-82A8-5A93A84AEC8D}
	EndGlobalSection
EndGlobal
